
Microsoft Visual Studio Solution File, Format Version 12.00
# Visual Studio Version 16
VisualStudioVersion = 16.0.33801.447
MinimumVisualStudioVersion = 10.0.40219.1
Project("{FAE04EC0-301F-11D3-BF4B-00C04F79EFBC}") = "React_Website_FrontEnd_Web", "React_Website_FrontEnd_Web.csproj", "{644E8668-749F-4AE2-B509-BCF8BEBE4861}"
EndProject
Global
	GlobalSection(SolutionConfigurationPlatforms) = preSolution
		Debug|Any CPU = Debug|Any CPU
		Release|Any CPU = Release|Any CPU
	EndGlobalSection
	GlobalSection(ProjectConfigurationPlatforms) = postSolution
		{644E8668-749F-4AE2-B509-BCF8BEBE4861}.Debug|Any CPU.ActiveCfg = Debug|Any CPU
		{644E8668-749F-4AE2-B509-BCF8BEBE4861}.Debug|Any CPU.Build.0 = Debug|Any CPU
		{644E8668-749F-4AE2-B509-BCF8BEBE4861}.Release|Any CPU.ActiveCfg = Release|Any CPU
		{644E8668-749F-4AE2-B509-BCF8BEBE4861}.Release|Any CPU.Build.0 = Release|Any CPU
	EndGlobalSection
	GlobalSection(SolutionProperties) = preSolution
		HideSolutionNode = FALSE
	EndGlobalSection
	GlobalSection(ExtensibilityGlobals) = postSolution
		SolutionGuid = {A142C0F0-C823-4846-B9BE-0372CBF3F9A9}
	EndGlobalSection
EndGlobal
